
Microsoft Visual Studio Solution File, Format Version 12.00
# Visual Studio Version 17
VisualStudioVersion = 17.8.34330.188
MinimumVisualStudioVersion = 10.0.40219.1
Project("{9A19103F-16F7-4668-BE54-9A1E7A4F7556}") = "Kafka_Exam_01.API", "Kafka_Exam_01.API\Kafka_Exam_01.API.csproj", "{42B3FAA3-BFAF-4CC5-9C80-5D32E6577B4C}"
EndProject
Project("{9A19103F-16F7-4668-BE54-9A1E7A4F7556}") = "Kafka_Exam_01.MemoryService", "Kafka_Exam_01.MemoryService\Kafka_Exam_01.MemoryService.csproj", "{1571AC5D-F6DA-4F2C-83EE-0212614D1AF1}"
EndProject
Project("{9A19103F-16F7-4668-BE54-9A1E7A4F7556}") = "Kafka_Exam_01.OracleService", "Kafka_Exam_01.OracleService\Kafka_Exam_01.OracleService.csproj", "{950C2705-A5B0-4C40-9013-6DFA6974D448}"
EndProject
Project("{FAE04EC0-301F-11D3-BF4B-00C04F79EFBC}") = "Kafka_Exam_01.Infrastructure", "Kafka_Exam_01.Infrastructure\Kafka_Exam_01.Infrastructure.csproj", "{317E0817-7A28-4FB8-A339-BD537BB08164}"
EndProject
Global
	GlobalSection(SolutionConfigurationPlatforms) = preSolution
		Debug|Any CPU = Debug|Any CPU
		Release|Any CPU = Release|Any CPU
	EndGlobalSection
	GlobalSection(ProjectConfigurationPlatforms) = postSolution
		{42B3FAA3-BFAF-4CC5-9C80-5D32E6577B4C}.Debug|Any CPU.ActiveCfg = Debug|Any CPU
		{42B3FAA3-BFAF-4CC5-9C80-5D32E6577B4C}.Debug|Any CPU.Build.0 = Debug|Any CPU
		{42B3FAA3-BFAF-4CC5-9C80-5D32E6577B4C}.Release|Any CPU.ActiveCfg = Release|Any CPU
		{42B3FAA3-BFAF-4CC5-9C80-5D32E6577B4C}.Release|Any CPU.Build.0 = Release|Any CPU
		{1571AC5D-F6DA-4F2C-83EE-0212614D1AF1}.Debug|Any CPU.ActiveCfg = Debug|Any CPU
		{1571AC5D-F6DA-4F2C-83EE-0212614D1AF1}.Debug|Any CPU.Build.0 = Debug|Any CPU
		{1571AC5D-F6DA-4F2C-83EE-0212614D1AF1}.Release|Any CPU.ActiveCfg = Release|Any CPU
		{1571AC5D-F6DA-4F2C-83EE-0212614D1AF1}.Release|Any CPU.Build.0 = Release|Any CPU
		{950C2705-A5B0-4C40-9013-6DFA6974D448}.Debug|Any CPU.ActiveCfg = Debug|Any CPU
		{950C2705-A5B0-4C40-9013-6DFA6974D448}.Debug|Any CPU.Build.0 = Debug|Any CPU
		{950C2705-A5B0-4C40-9013-6DFA6974D448}.Release|Any CPU.ActiveCfg = Release|Any CPU
		{950C2705-A5B0-4C40-9013-6DFA6974D448}.Release|Any CPU.Build.0 = Release|Any CPU
		{317E0817-7A28-4FB8-A339-BD537BB08164}.Debug|Any CPU.ActiveCfg = Debug|Any CPU
		{317E0817-7A28-4FB8-A339-BD537BB08164}.Debug|Any CPU.Build.0 = Debug|Any CPU
		{317E0817-7A28-4FB8-A339-BD537BB08164}.Release|Any CPU.ActiveCfg = Release|Any CPU
		{317E0817-7A28-4FB8-A339-BD537BB08164}.Release|Any CPU.Build.0 = Release|Any CPU
	EndGlobalSection
	GlobalSection(SolutionProperties) = preSolution
		HideSolutionNode = FALSE
	EndGlobalSection
	GlobalSection(ExtensibilityGlobals) = postSolution
		SolutionGuid = {D3A2405E-5F96-4D7D-A4AD-BE19DA2A31A2}
	EndGlobalSection
EndGlobal
